// !$*UTF8*$!
{
	archiveVersion = 1;
	classes = {
	};
	objectVersion = 46;
	objects = {

/* Begin PBXBuildFile section */
		5B8A4A2015F85A580068DCD3 /* ConnectionManager.m in Sources */ = {isa = PBXBuildFile; fileRef = 5B8A4A1F15F85A580068DCD3 /* ConnectionManager.m */; };
		5BA952D115F4D1680076CF9B /* UIKit.framework in Frameworks */ = {isa = PBXBuildFile; fileRef = 5BA952D015F4D1680076CF9B /* UIKit.framework */; };
		5BA952D315F4D1680076CF9B /* Foundation.framework in Frameworks */ = {isa = PBXBuildFile; fileRef = 5BA952D215F4D1680076CF9B /* Foundation.framework */; };
		5BA952D515F4D1680076CF9B /* CoreGraphics.framework in Frameworks */ = {isa = PBXBuildFile; fileRef = 5BA952D415F4D1680076CF9B /* CoreGraphics.framework */; };
		5BA952DB15F4D1680076CF9B /* InfoPlist.strings in Resources */ = {isa = PBXBuildFile; fileRef = 5BA952D915F4D1680076CF9B /* InfoPlist.strings */; };
		5BA952DD15F4D1680076CF9B /* main.m in Sources */ = {isa = PBXBuildFile; fileRef = 5BA952DC15F4D1680076CF9B /* main.m */; };
		5BA952E115F4D1680076CF9B /* AppDelegate.m in Sources */ = {isa = PBXBuildFile; fileRef = 5BA952E015F4D1680076CF9B /* AppDelegate.m */; };
		5BA952E415F4D1680076CF9B /* MainStoryboard.storyboard in Resources */ = {isa = PBXBuildFile; fileRef = 5BA952E215F4D1680076CF9B /* MainStoryboard.storyboard */; };
		5BA952E715F4D1680076CF9B /* ViewController.m in Sources */ = {isa = PBXBuildFile; fileRef = 5BA952E615F4D1680076CF9B /* ViewController.m */; };
		5BA952EF15F4D1680076CF9B /* SenTestingKit.framework in Frameworks */ = {isa = PBXBuildFile; fileRef = 5BA952EE15F4D1680076CF9B /* SenTestingKit.framework */; };
		5BA952F015F4D1680076CF9B /* UIKit.framework in Frameworks */ = {isa = PBXBuildFile; fileRef = 5BA952D015F4D1680076CF9B /* UIKit.framework */; };
		5BA952F115F4D1680076CF9B /* Foundation.framework in Frameworks */ = {isa = PBXBuildFile; fileRef = 5BA952D215F4D1680076CF9B /* Foundation.framework */; };
		5BA952F915F4D1690076CF9B /* InfoPlist.strings in Resources */ = {isa = PBXBuildFile; fileRef = 5BA952F715F4D1690076CF9B /* InfoPlist.strings */; };
		5BA952FC15F4D1690076CF9B /* bluetoothtestTests.m in Sources */ = {isa = PBXBuildFile; fileRef = 5BA952FB15F4D1690076CF9B /* bluetoothtestTests.m */; };
		5BA9530615F4D19C0076CF9B /* GameKit.framework in Frameworks */ = {isa = PBXBuildFile; fileRef = 5BA9530515F4D19C0076CF9B /* GameKit.framework */; };
/* End PBXBuildFile section */

/* Begin PBXContainerItemProxy section */
		5BA952F215F4D1690076CF9B /* PBXContainerItemProxy */ = {
			isa = PBXContainerItemProxy;
			containerPortal = 5BA952C315F4D1680076CF9B /* Project object */;
			proxyType = 1;
			remoteGlobalIDString = 5BA952CB15F4D1680076CF9B;
			remoteInfo = bluetoothtest;
		};
/* End PBXContainerItemProxy section */

/* Begin PBXFileReference section */
		5B8A4A1D15F85A430068DCD3 /* ConnectionManager.h */ = {isa = PBXFileReference; fileEncoding = 4; lastKnownFileType = sourcecode.c.h; name = ConnectionManager.h; path = ../../../../Downloads/BluetoothSample/BluetoothSample/ConnectionManager.h; sourceTree = "<group>"; };
		5B8A4A1F15F85A580068DCD3 /* ConnectionManager.m */ = {isa = PBXFileReference; fileEncoding = 4; lastKnownFileType = sourcecode.c.objc; name = ConnectionManager.m; path = ../../../../Downloads/BluetoothSample/BluetoothSample/ConnectionManager.m; sourceTree = "<group>"; };
		5BA952CC15F4D1680076CF9B /* bluetoothtest.app */ = {isa = PBXFileReference; explicitFileType = wrapper.application; includeInIndex = 0; path = bluetoothtest.app; sourceTree = BUILT_PRODUCTS_DIR; };
		5BA952D015F4D1680076CF9B /* UIKit.framework */ = {isa = PBXFileReference; lastKnownFileType = wrapper.framework; name = UIKit.framework; path = System/Library/Frameworks/UIKit.framework; sourceTree = SDKROOT; };
		5BA952D215F4D1680076CF9B /* Foundation.framework */ = {isa = PBXFileReference; lastKnownFileType = wrapper.framework; name = Foundation.framework; path = System/Library/Frameworks/Foundation.framework; sourceTree = SDKROOT; };
		5BA952D415F4D1680076CF9B /* CoreGraphics.framework */ = {isa = PBXFileReference; lastKnownFileType = wrapper.framework; name = CoreGraphics.framework; path = System/Library/Frameworks/CoreGraphics.framework; sourceTree = SDKROOT; };
		5BA952D815F4D1680076CF9B /* bluetoothtest-Info.plist */ = {isa = PBXFileReference; lastKnownFileType = text.plist.xml; path = "bluetoothtest-Info.plist"; sourceTree = "<group>"; };
		5BA952DA15F4D1680076CF9B /* en */ = {isa = PBXFileReference; lastKnownFileType = text.plist.strings; name = en; path = en.lproj/InfoPlist.strings; sourceTree = "<group>"; };
		5BA952DC15F4D1680076CF9B /* main.m */ = {isa = PBXFileReference; lastKnownFileType = sourcecode.c.objc; path = main.m; sourceTree = "<group>"; };
		5BA952DE15F4D1680076CF9B /* bluetoothtest-Prefix.pch */ = {isa = PBXFileReference; lastKnownFileType = sourcecode.c.h; path = "bluetoothtest-Prefix.pch"; sourceTree = "<group>"; };
		5BA952DF15F4D1680076CF9B /* AppDelegate.h */ = {isa = PBXFileReference; lastKnownFileType = sourcecode.c.h; path = AppDelegate.h; sourceTree = "<group>"; };
		5BA952E015F4D1680076CF9B /* AppDelegate.m */ = {isa = PBXFileReference; lastKnownFileType = sourcecode.c.objc; path = AppDelegate.m; sourceTree = "<group>"; };
		5BA952E315F4D1680076CF9B /* en */ = {isa = PBXFileReference; lastKnownFileType = file.storyboard; name = en; path = en.lproj/MainStoryboard.storyboard; sourceTree = "<group>"; };
		5BA952E515F4D1680076CF9B /* ViewController.h */ = {isa = PBXFileReference; lastKnownFileType = sourcecode.c.h; path = ViewController.h; sourceTree = "<group>"; };
		5BA952E615F4D1680076CF9B /* ViewController.m */ = {isa = PBXFileReference; lastKnownFileType = sourcecode.c.objc; path = ViewController.m; sourceTree = "<group>"; };
		5BA952ED15F4D1680076CF9B /* bluetoothtestTests.octest */ = {isa = PBXFileReference; explicitFileType = wrapper.cfbundle; includeInIndex = 0; path = bluetoothtestTests.octest; sourceTree = BUILT_PRODUCTS_DIR; };
		5BA952EE15F4D1680076CF9B /* SenTestingKit.framework */ = {isa = PBXFileReference; lastKnownFileType = wrapper.framework; name = SenTestingKit.framework; path = Library/Frameworks/SenTestingKit.framework; sourceTree = DEVELOPER_DIR; };
		5BA952F615F4D1690076CF9B /* bluetoothtestTests-Info.plist */ = {isa = PBXFileReference; lastKnownFileType = text.plist.xml; path = "bluetoothtestTests-Info.plist"; sourceTree = "<group>"; };
		5BA952F815F4D1690076CF9B /* en */ = {isa = PBXFileReference; lastKnownFileType = text.plist.strings; name = en; path = en.lproj/InfoPlist.strings; sourceTree = "<group>"; };
		5BA952FA15F4D1690076CF9B /* bluetoothtestTests.h */ = {isa = PBXFileReference; lastKnownFileType = sourcecode.c.h; path = bluetoothtestTests.h; sourceTree = "<group>"; };
		5BA952FB15F4D1690076CF9B /* bluetoothtestTests.m */ = {isa = PBXFileReference; lastKnownFileType = sourcecode.c.objc; path = bluetoothtestTests.m; sourceTree = "<group>"; };
		5BA9530515F4D19C0076CF9B /* GameKit.framework */ = {isa = PBXFileReference; lastKnownFileType = wrapper.framework; name = GameKit.framework; path = System/Library/Frameworks/GameKit.framework; sourceTree = SDKROOT; };
/* End PBXFileReference section */

/* Begin PBXFrameworksBuildPhase section */
		5BA952C915F4D1680076CF9B /* Frameworks */ = {
			isa = PBXFrameworksBuildPhase;
			buildActionMask = 2147483647;
			files = (
				5BA9530615F4D19C0076CF9B /* GameKit.framework in Frameworks */,
				5BA952D115F4D1680076CF9B /* UIKit.framework in Frameworks */,
				5BA952D315F4D1680076CF9B /* Foundation.framework in Frameworks */,
				5BA952D515F4D1680076CF9B /* CoreGraphics.framework in Frameworks */,
			);
			runOnlyForDeploymentPostprocessing = 0;
		};
		5BA952E915F4D1680076CF9B /* Frameworks */ = {
			isa = PBXFrameworksBuildPhase;
			buildActionMask = 2147483647;
			files = (
				5BA952EF15F4D1680076CF9B /* SenTestingKit.framework in Frameworks */,
				5BA952F015F4D1680076CF9B /* UIKit.framework in Frameworks */,
				5BA952F115F4D1680076CF9B /* Foundation.framework in Frameworks */,
			);
			runOnlyForDeploymentPostprocessing = 0;
		};
/* End PBXFrameworksBuildPhase section */

/* Begin PBXGroup section */
		5BA952C115F4D1680076CF9B = {
			isa = PBXGroup;
			children = (
				5BA952D615F4D1680076CF9B /* bluetoothtest */,
				5BA952F415F4D1690076CF9B /* bluetoothtestTests */,
				5BA952CF15F4D1680076CF9B /* Frameworks */,
				5BA952CD15F4D1680076CF9B /* Products */,
			);
			sourceTree = "<group>";
		};
		5BA952CD15F4D1680076CF9B /* Products */ = {
			isa = PBXGroup;
			children = (
				5BA952CC15F4D1680076CF9B /* bluetoothtest.app */,
				5BA952ED15F4D1680076CF9B /* bluetoothtestTests.octest */,
			);
			name = Products;
			sourceTree = "<group>";
		};
		5BA952CF15F4D1680076CF9B /* Frameworks */ = {
			isa = PBXGroup;
			children = (
				5BA9530515F4D19C0076CF9B /* GameKit.framework */,
				5BA952D015F4D1680076CF9B /* UIKit.framework */,
				5BA952D215F4D1680076CF9B /* Foundation.framework */,
				5BA952D415F4D1680076CF9B /* CoreGraphics.framework */,
				5BA952EE15F4D1680076CF9B /* SenTestingKit.framework */,
			);
			name = Frameworks;
			sourceTree = "<group>";
		};
		5BA952D615F4D1680076CF9B /* bluetoothtest */ = {
			isa = PBXGroup;
			children = (
				5B8A4A1F15F85A580068DCD3 /* ConnectionManager.m */,
				5B8A4A1D15F85A430068DCD3 /* ConnectionManager.h */,
				5BA952DF15F4D1680076CF9B /* AppDelegate.h */,
				5BA952E015F4D1680076CF9B /* AppDelegate.m */,
				5BA952E215F4D1680076CF9B /* MainStoryboard.storyboard */,
				5BA952E515F4D1680076CF9B /* ViewController.h */,
				5BA952E615F4D1680076CF9B /* ViewController.m */,
				5BA952D715F4D1680076CF9B /* Supporting Files */,
			);
			path = bluetoothtest;
			sourceTree = "<group>";
		};
		5BA952D715F4D1680076CF9B /* Supporting Files */ = {
			isa = PBXGroup;
			children = (
				5BA952D815F4D1680076CF9B /* bluetoothtest-Info.plist */,
				5BA952D915F4D1680076CF9B /* InfoPlist.strings */,
				5BA952DC15F4D1680076CF9B /* main.m */,
				5BA952DE15F4D1680076CF9B /* bluetoothtest-Prefix.pch */,
			);
			name = "Supporting Files";
			sourceTree = "<group>";
		};
		5BA952F415F4D1690076CF9B /* bluetoothtestTests */ = {
			isa = PBXGroup;
			children = (
				5BA952FA15F4D1690076CF9B /* bluetoothtestTests.h */,
				5BA952FB15F4D1690076CF9B /* bluetoothtestTests.m */,
				5BA952F515F4D1690076CF9B /* Supporting Files */,
			);
			path = bluetoothtestTests;
			sourceTree = "<group>";
		};
		5BA952F515F4D1690076CF9B /* Supporting Files */ = {
			isa = PBXGroup;
			children = (
				5BA952F615F4D1690076CF9B /* bluetoothtestTests-Info.plist */,
				5BA952F715F4D1690076CF9B /* InfoPlist.strings */,
			);
			name = "Supporting Files";
			sourceTree = "<group>";
		};
/* End PBXGroup section */

/* Begin PBXNativeTarget section */
		5BA952CB15F4D1680076CF9B /* bluetoothtest */ = {
			isa = PBXNativeTarget;
			buildConfigurationList = 5BA952FF15F4D1690076CF9B /* Build configuration list for PBXNativeTarget "bluetoothtest" */;
			buildPhases = (
				5BA952C815F4D1680076CF9B /* Sources */,
				5BA952C915F4D1680076CF9B /* Frameworks */,
				5BA952CA15F4D1680076CF9B /* Resources */,
			);
			buildRules = (
			);
			dependencies = (
			);
			name = bluetoothtest;
			productName = bluetoothtest;
			productReference = 5BA952CC15F4D1680076CF9B /* bluetoothtest.app */;
			productType = "com.apple.product-type.application";
		};
		5BA952EC15F4D1680076CF9B /* bluetoothtestTests */ = {
			isa = PBXNativeTarget;
			buildConfigurationList = 5BA9530215F4D1690076CF9B /* Build configuration list for PBXNativeTarget "bluetoothtestTests" */;
			buildPhases = (
				5BA952E815F4D1680076CF9B /* Sources */,
				5BA952E915F4D1680076CF9B /* Frameworks */,
				5BA952EA15F4D1680076CF9B /* Resources */,
				5BA952EB15F4D1680076CF9B /* ShellScript */,
			);
			buildRules = (
			);
			dependencies = (
				5BA952F315F4D1690076CF9B /* PBXTargetDependency */,
			);
			name = bluetoothtestTests;
			productName = bluetoothtestTests;
			productReference = 5BA952ED15F4D1680076CF9B /* bluetoothtestTests.octest */;
			productType = "com.apple.product-type.bundle";
		};
/* End PBXNativeTarget section */

/* Begin PBXProject section */
		5BA952C315F4D1680076CF9B /* Project object */ = {
			isa = PBXProject;
			attributes = {
				LastUpgradeCheck = 0440;
				ORGANIZATIONNAME = "小林 淳";
			};
			buildConfigurationList = 5BA952C615F4D1680076CF9B /* Build configuration list for PBXProject "bluetoothtest" */;
			compatibilityVersion = "Xcode 3.2";
			developmentRegion = English;
			hasScannedForEncodings = 0;
			knownRegions = (
				en,
			);
			mainGroup = 5BA952C115F4D1680076CF9B;
			productRefGroup = 5BA952CD15F4D1680076CF9B /* Products */;
			projectDirPath = "";
			projectRoot = "";
			targets = (
				5BA952CB15F4D1680076CF9B /* bluetoothtest */,
				5BA952EC15F4D1680076CF9B /* bluetoothtestTests */,
			);
		};
/* End PBXProject section */

/* Begin PBXResourcesBuildPhase section */
		5BA952CA15F4D1680076CF9B /* Resources */ = {
			isa = PBXResourcesBuildPhase;
			buildActionMask = 2147483647;
			files = (
				5BA952DB15F4D1680076CF9B /* InfoPlist.strings in Resources */,
				5BA952E415F4D1680076CF9B /* MainStoryboard.storyboard in Resources */,
			);
			runOnlyForDeploymentPostprocessing = 0;
		};
		5BA952EA15F4D1680076CF9B /* Resources */ = {
			isa = PBXResourcesBuildPhase;
			buildActionMask = 2147483647;
			files = (
				5BA952F915F4D1690076CF9B /* InfoPlist.strings in Resources */,
			);
			runOnlyForDeploymentPostprocessing = 0;
		};
/* End PBXResourcesBuildPhase section */

/* Begin PBXShellScriptBuildPhase section */
		5BA952EB15F4D1680076CF9B /* ShellScript */ = {
			isa = PBXShellScriptBuildPhase;
			buildActionMask = 2147483647;
			files = (
			);
			inputPaths = (
			);
			outputPaths = (
			);
			runOnlyForDeploymentPostprocessing = 0;
			shellPath = /bin/sh;
			shellScript = "# Run the unit tests in this test bundle.\n\"${SYSTEM_DEVELOPER_DIR}/Tools/RunUnitTests\"\n";
		};
/* End PBXShellScriptBuildPhase section */

/* Begin PBXSourcesBuildPhase section */
		5BA952C815F4D1680076CF9B /* Sources */ = {
			isa = PBXSourcesBuildPhase;
			buildActionMask = 2147483647;
			files = (
				5BA952DD15F4D1680076CF9B /* main.m in Sources */,
				5BA952E115F4D1680076CF9B /* AppDelegate.m in Sources */,
				5BA952E715F4D1680076CF9B /* ViewController.m in Sources */,
				5B8A4A2015F85A580068DCD3 /* ConnectionManager.m in Sources */,
			);
			runOnlyForDeploymentPostprocessing = 0;
		};
		5BA952E815F4D1680076CF9B /* Sources */ = {
			isa = PBXSourcesBuildPhase;
			buildActionMask = 2147483647;
			files = (
				5BA952FC15F4D1690076CF9B /* bluetoothtestTests.m in Sources */,
			);
			runOnlyForDeploymentPostprocessing = 0;
		};
/* End PBXSourcesBuildPhase section */

/* Begin PBXTargetDependency section */
		5BA952F315F4D1690076CF9B /* PBXTargetDependency */ = {
			isa = PBXTargetDependency;
			target = 5BA952CB15F4D1680076CF9B /* bluetoothtest */;
			targetProxy = 5BA952F215F4D1690076CF9B /* PBXContainerItemProxy */;
		};
/* End PBXTargetDependency section */

/* Begin PBXVariantGroup section */
		5BA952D915F4D1680076CF9B /* InfoPlist.strings */ = {
			isa = PBXVariantGroup;
			children = (
				5BA952DA15F4D1680076CF9B /* en */,
			);
			name = InfoPlist.strings;
			sourceTree = "<group>";
		};
		5BA952E215F4D1680076CF9B /* MainStoryboard.storyboard */ = {
			isa = PBXVariantGroup;
			children = (
				5BA952E315F4D1680076CF9B /* en */,
			);
			name = MainStoryboard.storyboard;
			sourceTree = "<group>";
		};
		5BA952F715F4D1690076CF9B /* InfoPlist.strings */ = {
			isa = PBXVariantGroup;
			children = (
				5BA952F815F4D1690076CF9B /* en */,
			);
			name = InfoPlist.strings;
			sourceTree = "<group>";
		};
/* End PBXVariantGroup section */

/* Begin XCBuildConfiguration section */
		5BA952FD15F4D1690076CF9B /* Debug */ = {
			isa = XCBuildConfiguration;
			buildSettings = {
				ALWAYS_SEARCH_USER_PATHS = NO;
				ARCHS = "$(ARCHS_STANDARD_32_BIT)";
				CLANG_CXX_LANGUAGE_STANDARD = "gnu++0x";
				CLANG_ENABLE_OBJC_ARC = YES;
				CLANG_WARN__DUPLICATE_METHOD_MATCH = YES;
				"CODE_SIGN_IDENTITY[sdk=iphoneos*]" = "iPhone Developer";
				COPY_PHASE_STRIP = NO;
				GCC_C_LANGUAGE_STANDARD = gnu99;
				GCC_DYNAMIC_NO_PIC = NO;
				GCC_OPTIMIZATION_LEVEL = 0;
				GCC_PREPROCESSOR_DEFINITIONS = (
					"DEBUG=1",
					"$(inherited)",
				);
				GCC_SYMBOLS_PRIVATE_EXTERN = NO;
				GCC_VERSION = com.apple.compilers.llvm.clang.1_0;
				GCC_WARN_ABOUT_RETURN_TYPE = YES;
				GCC_WARN_UNINITIALIZED_AUTOS = YES;
				GCC_WARN_UNUSED_VARIABLE = YES;
				IPHONEOS_DEPLOYMENT_TARGET = 5.1;
				SDKROOT = iphoneos;
			};
			name = Debug;
		};
		5BA952FE15F4D1690076CF9B /* Release */ = {
			isa = XCBuildConfiguration;
			buildSettings = {
				ALWAYS_SEARCH_USER_PATHS = NO;
				ARCHS = "$(ARCHS_STANDARD_32_BIT)";
				CLANG_CXX_LANGUAGE_STANDARD = "gnu++0x";
				CLANG_ENABLE_OBJC_ARC = YES;
				CLANG_WARN__DUPLICATE_METHOD_MATCH = YES;
				"CODE_SIGN_IDENTITY[sdk=iphoneos*]" = "iPhone Developer";
				COPY_PHASE_STRIP = YES;
				GCC_C_LANGUAGE_STANDARD = gnu99;
				GCC_VERSION = com.apple.compilers.llvm.clang.1_0;
				GCC_WARN_ABOUT_RETURN_TYPE = YES;
				GCC_WARN_UNINITIALIZED_AUTOS = YES;
				GCC_WARN_UNUSED_VARIABLE = YES;
				IPHONEOS_DEPLOYMENT_TARGET = 5.1;
				OTHER_CFLAGS = "-DNS_BLOCK_ASSERTIONS=1";
				SDKROOT = iphoneos;
				VALIDATE_PRODUCT = YES;
			};
			name = Release;
		};
		5BA9530015F4D1690076CF9B /* Debug */ = {
			isa = XCBuildConfiguration;
			buildSettings = {
				GCC_PRECOMPILE_PREFIX_HEADER = YES;
				GCC_PREFIX_HEADER = "bluetoothtest/bluetoothtest-Prefix.pch";
				INFOPLIST_FILE = "bluetoothtest/bluetoothtest-Info.plist";
				IPHONEOS_DEPLOYMENT_TARGET = 5.1;
				PRODUCT_NAME = "$(TARGET_NAME)";
				WRAPPER_EXTENSION = app;
			};
			name = Debug;
		};
		5BA9530115F4D1690076CF9B /* Release */ = {
			isa = XCBuildConfiguration;
			buildSettings = {
				GCC_PRECOMPILE_PREFIX_HEADER = YES;
				GCC_PREFIX_HEADER = "bluetoothtest/bluetoothtest-Prefix.pch";
				INFOPLIST_FILE = "bluetoothtest/bluetoothtest-Info.plist";
				IPHONEOS_DEPLOYMENT_TARGET = 5.1;
				PRODUCT_NAME = "$(TARGET_NAME)";
				WRAPPER_EXTENSION = app;
			};
			name = Release;
		};
		5BA9530315F4D1690076CF9B /* Debug */ = {
			isa = XCBuildConfiguration;
			buildSettings = {
				BUNDLE_LOADER = "$(BUILT_PRODUCTS_DIR)/bluetoothtest.app/bluetoothtest";
				FRAMEWORK_SEARCH_PATHS = (
					"\"$(SDKROOT)/Developer/Library/Frameworks\"",
					"\"$(DEVELOPER_LIBRARY_DIR)/Frameworks\"",
				);
				GCC_PRECOMPILE_PREFIX_HEADER = YES;
				GCC_PREFIX_HEADER = "bluetoothtest/bluetoothtest-Prefix.pch";
				INFOPLIST_FILE = "bluetoothtestTests/bluetoothtestTests-Info.plist";
				PRODUCT_NAME = "$(TARGET_NAME)";
				TEST_HOST = "$(BUNDLE_LOADER)";
				WRAPPER_EXTENSION = octest;
			};
			name = Debug;
		};
		5BA9530415F4D1690076CF9B /* Release */ = {
			isa = XCBuildConfiguration;
			buildSettings = {
				BUNDLE_LOADER = "$(BUILT_PRODUCTS_DIR)/bluetoothtest.app/bluetoothtest";
				FRAMEWORK_SEARCH_PATHS = (
					"\"$(SDKROOT)/Developer/Library/Frameworks\"",
					"\"$(DEVELOPER_LIBRARY_DIR)/Frameworks\"",
				);
				GCC_PRECOMPILE_PREFIX_HEADER = YES;
				GCC_PREFIX_HEADER = "bluetoothtest/bluetoothtest-Prefix.pch";
				INFOPLIST_FILE = "bluetoothtestTests/bluetoothtestTests-Info.plist";
				PRODUCT_NAME = "$(TARGET_NAME)";
				TEST_HOST = "$(BUNDLE_LOADER)";
				WRAPPER_EXTENSION = octest;
			};
			name = Release;
		};
/* End XCBuildConfiguration section */

/* Begin XCConfigurationList section */
		5BA952C615F4D1680076CF9B /* Build configuration list for PBXProject "bluetoothtest" */ = {
			isa = XCConfigurationList;
			buildConfigurations = (
				5BA952FD15F4D1690076CF9B /* Debug */,
				5BA952FE15F4D1690076CF9B /* Release */,
			);
			defaultConfigurationIsVisible = 0;
			defaultConfigurationName = Release;
		};
		5BA952FF15F4D1690076CF9B /* Build configuration list for PBXNativeTarget "bluetoothtest" */ = {
			isa = XCConfigurationList;
			buildConfigurations = (
				5BA9530015F4D1690076CF9B /* Debug */,
				5BA9530115F4D1690076CF9B /* Release */,
			);
			defaultConfigurationIsVisible = 0;
			defaultConfigurationName = Release;
		};
		5BA9530215F4D1690076CF9B /* Build configuration list for PBXNativeTarget "bluetoothtestTests" */ = {
			isa = XCConfigurationList;
			buildConfigurations = (
				5BA9530315F4D1690076CF9B /* Debug */,
				5BA9530415F4D1690076CF9B /* Release */,
			);
			defaultConfigurationIsVisible = 0;
			defaultConfigurationName = Release;
		};
/* End XCConfigurationList section */
	};
	rootObject = 5BA952C315F4D1680076CF9B /* Project object */;
}
